
Microsoft Visual Studio Solution File, Format Version 12.00
# Visual Studio Version 17
VisualStudioVersion = 17.11.35208.52
MinimumVisualStudioVersion = 10.0.40219.1
Project("{9A19103F-16F7-4668-BE54-9A1E7A4F7556}") = "Aula_RabbitMq_EasyNetQ", "Aula_RabbitMq\Aula_RabbitMq_EasyNetQ.csproj", "{D26E2C4A-D29D-46FC-9DE2-CFD410981AE6}"
EndProject
Project("{9A19103F-16F7-4668-BE54-9A1E7A4F7556}") = "Aula_RabbitMq_MassTransit", "Aula_RabbitMq_MassTransit\Aula_RabbitMq_MassTransit.csproj", "{89C13100-CB01-4A20-B033-99029DCFEEA5}"
EndProject
Project("{9A19103F-16F7-4668-BE54-9A1E7A4F7556}") = "Aula_RabbitMq_lMassTransit_Consumer", "Aula_RabbitMq_lMassTransit_Consumer\Aula_RabbitMq_lMassTransit_Consumer.csproj", "{5636C6E5-4002-491E-BC5B-F55F1A18F124}"
EndProject
Project("{FAE04EC0-301F-11D3-BF4B-00C04F79EFBC}") = "E_Commerce_Shoes", "E_Commerce_Shoes\E_Commerce_Shoes.csproj", "{CD3A93C3-9072-436D-873C-C3828D2C56B8}"
EndProject
Global
	GlobalSection(SolutionConfigurationPlatforms) = preSolution
		Debug|Any CPU = Debug|Any CPU
		Release|Any CPU = Release|Any CPU
	EndGlobalSection
	GlobalSection(ProjectConfigurationPlatforms) = postSolution
		{D26E2C4A-D29D-46FC-9DE2-CFD410981AE6}.Debug|Any CPU.ActiveCfg = Debug|Any CPU
		{D26E2C4A-D29D-46FC-9DE2-CFD410981AE6}.Debug|Any CPU.Build.0 = Debug|Any CPU
		{D26E2C4A-D29D-46FC-9DE2-CFD410981AE6}.Release|Any CPU.ActiveCfg = Release|Any CPU
		{D26E2C4A-D29D-46FC-9DE2-CFD410981AE6}.Release|Any CPU.Build.0 = Release|Any CPU
		{89C13100-CB01-4A20-B033-99029DCFEEA5}.Debug|Any CPU.ActiveCfg = Debug|Any CPU
		{89C13100-CB01-4A20-B033-99029DCFEEA5}.Debug|Any CPU.Build.0 = Debug|Any CPU
		{89C13100-CB01-4A20-B033-99029DCFEEA5}.Release|Any CPU.ActiveCfg = Release|Any CPU
		{89C13100-CB01-4A20-B033-99029DCFEEA5}.Release|Any CPU.Build.0 = Release|Any CPU
		{5636C6E5-4002-491E-BC5B-F55F1A18F124}.Debug|Any CPU.ActiveCfg = Debug|Any CPU
		{5636C6E5-4002-491E-BC5B-F55F1A18F124}.Debug|Any CPU.Build.0 = Debug|Any CPU
		{5636C6E5-4002-491E-BC5B-F55F1A18F124}.Release|Any CPU.ActiveCfg = Release|Any CPU
		{5636C6E5-4002-491E-BC5B-F55F1A18F124}.Release|Any CPU.Build.0 = Release|Any CPU
		{CD3A93C3-9072-436D-873C-C3828D2C56B8}.Debug|Any CPU.ActiveCfg = Debug|Any CPU
		{CD3A93C3-9072-436D-873C-C3828D2C56B8}.Debug|Any CPU.Build.0 = Debug|Any CPU
		{CD3A93C3-9072-436D-873C-C3828D2C56B8}.Release|Any CPU.ActiveCfg = Release|Any CPU
		{CD3A93C3-9072-436D-873C-C3828D2C56B8}.Release|Any CPU.Build.0 = Release|Any CPU
	EndGlobalSection
	GlobalSection(SolutionProperties) = preSolution
		HideSolutionNode = FALSE
	EndGlobalSection
	GlobalSection(ExtensibilityGlobals) = postSolution
		SolutionGuid = {1167804D-0800-4932-AD03-3F5981DDF637}
	EndGlobalSection
EndGlobal
